// !$*UTF8*$!
{
	archiveVersion = 1;
	classes = {
	};
	objectVersion = 51;
	objects = {

/* Begin PBXBuildFile section */
		76C16EF37BE874887100AB70 /* Pods_Weather_App.framework in Frameworks */ = {isa = PBXBuildFile; fileRef = 19DBA8DDA25FBF2E2E8CCE70 /* Pods_Weather_App.framework */; };
		FAB6D5D222B9F4D6005679BF /* AppDelegate.swift in Sources */ = {isa = PBXBuildFile; fileRef = FAB6D5D122B9F4D6005679BF /* AppDelegate.swift */; };
		FAB6D5D422B9F4D6005679BF /* ViewController.swift in Sources */ = {isa = PBXBuildFile; fileRef = FAB6D5D322B9F4D6005679BF /* ViewController.swift */; };
		FAB6D5D722B9F4D6005679BF /* Main.storyboard in Resources */ = {isa = PBXBuildFile; fileRef = FAB6D5D522B9F4D6005679BF /* Main.storyboard */; };
		FAB6D5D922B9F4DB005679BF /* Assets.xcassets in Resources */ = {isa = PBXBuildFile; fileRef = FAB6D5D822B9F4DB005679BF /* Assets.xcassets */; };
		FAB6D5DC22B9F4DB005679BF /* LaunchScreen.storyboard in Resources */ = {isa = PBXBuildFile; fileRef = FAB6D5DA22B9F4DB005679BF /* LaunchScreen.storyboard */; };
		FAB6D5E722B9F4DB005679BF /* Weather_AppTests.swift in Sources */ = {isa = PBXBuildFile; fileRef = FAB6D5E622B9F4DB005679BF /* Weather_AppTests.swift */; };
		FAB6D5F222B9F4DB005679BF /* Weather_AppUITests.swift in Sources */ = {isa = PBXBuildFile; fileRef = FAB6D5F122B9F4DB005679BF /* Weather_AppUITests.swift */; };
		FAB6D60022BA12B3005679BF /* APIClient.swift in Sources */ = {isa = PBXBuildFile; fileRef = FAB6D5FF22BA12B3005679BF /* APIClient.swift */; };
		FAB6D60222BB50C2005679BF /* WeatherModel.swift in Sources */ = {isa = PBXBuildFile; fileRef = FAB6D60122BB50C2005679BF /* WeatherModel.swift */; };
/* End PBXBuildFile section */

/* Begin PBXContainerItemProxy section */
		FAB6D5E322B9F4DB005679BF /* PBXContainerItemProxy */ = {
			isa = PBXContainerItemProxy;
			containerPortal = FAB6D5C622B9F4D6005679BF /* Project object */;
			proxyType = 1;
			remoteGlobalIDString = FAB6D5CD22B9F4D6005679BF;
			remoteInfo = "Weather App";
		};
		FAB6D5EE22B9F4DB005679BF /* PBXContainerItemProxy */ = {
			isa = PBXContainerItemProxy;
			containerPortal = FAB6D5C622B9F4D6005679BF /* Project object */;
			proxyType = 1;
			remoteGlobalIDString = FAB6D5CD22B9F4D6005679BF;
			remoteInfo = "Weather App";
		};
/* End PBXContainerItemProxy section */

/* Begin PBXFileReference section */
		19DBA8DDA25FBF2E2E8CCE70 /* Pods_Weather_App.framework */ = {isa = PBXFileReference; explicitFileType = wrapper.framework; includeInIndex = 0; path = Pods_Weather_App.framework; sourceTree = BUILT_PRODUCTS_DIR; };
		7EC85F4ACA7BDFF01B06D3A1 /* Pods-Weather App.debug.xcconfig */ = {isa = PBXFileReference; includeInIndex = 1; lastKnownFileType = text.xcconfig; name = "Pods-Weather App.debug.xcconfig"; path = "Pods/Target Support Files/Pods-Weather App/Pods-Weather App.debug.xcconfig"; sourceTree = "<group>"; };
		B4B0615569098A65296C7788 /* Pods-Weather App.release.xcconfig */ = {isa = PBXFileReference; includeInIndex = 1; lastKnownFileType = text.xcconfig; name = "Pods-Weather App.release.xcconfig"; path = "Pods/Target Support Files/Pods-Weather App/Pods-Weather App.release.xcconfig"; sourceTree = "<group>"; };
		FAB6D5CE22B9F4D6005679BF /* Weather App.app */ = {isa = PBXFileReference; explicitFileType = wrapper.application; includeInIndex = 0; path = "Weather App.app"; sourceTree = BUILT_PRODUCTS_DIR; };
		FAB6D5D122B9F4D6005679BF /* AppDelegate.swift */ = {isa = PBXFileReference; lastKnownFileType = sourcecode.swift; path = AppDelegate.swift; sourceTree = "<group>"; };
		FAB6D5D322B9F4D6005679BF /* ViewController.swift */ = {isa = PBXFileReference; lastKnownFileType = sourcecode.swift; path = ViewController.swift; sourceTree = "<group>"; };
		FAB6D5D622B9F4D6005679BF /* Base */ = {isa = PBXFileReference; lastKnownFileType = file.storyboard; name = Base; path = Base.lproj/Main.storyboard; sourceTree = "<group>"; };
		FAB6D5D822B9F4DB005679BF /* Assets.xcassets */ = {isa = PBXFileReference; lastKnownFileType = folder.assetcatalog; path = Assets.xcassets; sourceTree = "<group>"; };
		FAB6D5DB22B9F4DB005679BF /* Base */ = {isa = PBXFileReference; lastKnownFileType = file.storyboard; name = Base; path = Base.lproj/LaunchScreen.storyboard; sourceTree = "<group>"; };
		FAB6D5DD22B9F4DB005679BF /* Info.plist */ = {isa = PBXFileReference; lastKnownFileType = text.plist.xml; path = Info.plist; sourceTree = "<group>"; };
		FAB6D5E222B9F4DB005679BF /* Weather AppTests.xctest */ = {isa = PBXFileReference; explicitFileType = wrapper.cfbundle; includeInIndex = 0; path = "Weather AppTests.xctest"; sourceTree = BUILT_PRODUCTS_DIR; };
		FAB6D5E622B9F4DB005679BF /* Weather_AppTests.swift */ = {isa = PBXFileReference; lastKnownFileType = sourcecode.swift; path = Weather_AppTests.swift; sourceTree = "<group>"; };
		FAB6D5E822B9F4DB005679BF /* Info.plist */ = {isa = PBXFileReference; lastKnownFileType = text.plist.xml; path = Info.plist; sourceTree = "<group>"; };
		FAB6D5ED22B9F4DB005679BF /* Weather AppUITests.xctest */ = {isa = PBXFileReference; explicitFileType = wrapper.cfbundle; includeInIndex = 0; path = "Weather AppUITests.xctest"; sourceTree = BUILT_PRODUCTS_DIR; };
		FAB6D5F122B9F4DB005679BF /* Weather_AppUITests.swift */ = {isa = PBXFileReference; lastKnownFileType = sourcecode.swift; path = Weather_AppUITests.swift; sourceTree = "<group>"; };
		FAB6D5F322B9F4DB005679BF /* Info.plist */ = {isa = PBXFileReference; lastKnownFileType = text.plist.xml; path = Info.plist; sourceTree = "<group>"; };
		FAB6D5FF22BA12B3005679BF /* APIClient.swift */ = {isa = PBXFileReference; lastKnownFileType = sourcecode.swift; path = APIClient.swift; sourceTree = "<group>"; };
		FAB6D60122BB50C2005679BF /* WeatherModel.swift */ = {isa = PBXFileReference; lastKnownFileType = sourcecode.swift; path = WeatherModel.swift; sourceTree = "<group>"; };
/* End PBXFileReference section */

/* Begin PBXFrameworksBuildPhase section */
		FAB6D5CB22B9F4D6005679BF /* Frameworks */ = {
			isa = PBXFrameworksBuildPhase;
			buildActionMask = 2147483647;
			files = (
				76C16EF37BE874887100AB70 /* Pods_Weather_App.framework in Frameworks */,
			);
			runOnlyForDeploymentPostprocessing = 0;
		};
		FAB6D5DF22B9F4DB005679BF /* Frameworks */ = {
			isa = PBXFrameworksBuildPhase;
			buildActionMask = 2147483647;
			files = (
			);
			runOnlyForDeploymentPostprocessing = 0;
		};
		FAB6D5EA22B9F4DB005679BF /* Frameworks */ = {
			isa = PBXFrameworksBuildPhase;
			buildActionMask = 2147483647;
			files = (
			);
			runOnlyForDeploymentPostprocessing = 0;
		};
/* End PBXFrameworksBuildPhase section */

/* Begin PBXGroup section */
		46AB406B657DB66DF09B1F1A /* Pods */ = {
			isa = PBXGroup;
			children = (
				7EC85F4ACA7BDFF01B06D3A1 /* Pods-Weather App.debug.xcconfig */,
				B4B0615569098A65296C7788 /* Pods-Weather App.release.xcconfig */,
			);
			name = Pods;
			sourceTree = "<group>";
		};
		6F716E35D7B928C8FF75BA1C /* Frameworks */ = {
			isa = PBXGroup;
			children = (
				19DBA8DDA25FBF2E2E8CCE70 /* Pods_Weather_App.framework */,
			);
			name = Frameworks;
			sourceTree = "<group>";
		};
		FAB6D5C522B9F4D6005679BF = {
			isa = PBXGroup;
			children = (
				FAB6D5D022B9F4D6005679BF /* Weather App */,
				FAB6D5E522B9F4DB005679BF /* Weather AppTests */,
				FAB6D5F022B9F4DB005679BF /* Weather AppUITests */,
				FAB6D5CF22B9F4D6005679BF /* Products */,
				46AB406B657DB66DF09B1F1A /* Pods */,
				6F716E35D7B928C8FF75BA1C /* Frameworks */,
			);
			sourceTree = "<group>";
		};
		FAB6D5CF22B9F4D6005679BF /* Products */ = {
			isa = PBXGroup;
			children = (
				FAB6D5CE22B9F4D6005679BF /* Weather App.app */,
				FAB6D5E222B9F4DB005679BF /* Weather AppTests.xctest */,
				FAB6D5ED22B9F4DB005679BF /* Weather AppUITests.xctest */,
			);
			name = Products;
			sourceTree = "<group>";
		};
		FAB6D5D022B9F4D6005679BF /* Weather App */ = {
			isa = PBXGroup;
			children = (
				FAB6D5D122B9F4D6005679BF /* AppDelegate.swift */,
				FAB6D60122BB50C2005679BF /* WeatherModel.swift */,
				FAB6D5FF22BA12B3005679BF /* APIClient.swift */,
				FAB6D5D322B9F4D6005679BF /* ViewController.swift */,
				FAB6D5D522B9F4D6005679BF /* Main.storyboard */,
				FAB6D5D822B9F4DB005679BF /* Assets.xcassets */,
				FAB6D5DA22B9F4DB005679BF /* LaunchScreen.storyboard */,
				FAB6D5DD22B9F4DB005679BF /* Info.plist */,
			);
			path = "Weather App";
			sourceTree = "<group>";
		};
		FAB6D5E522B9F4DB005679BF /* Weather AppTests */ = {
			isa = PBXGroup;
			children = (
				FAB6D5E622B9F4DB005679BF /* Weather_AppTests.swift */,
				FAB6D5E822B9F4DB005679BF /* Info.plist */,
			);
			path = "Weather AppTests";
			sourceTree = "<group>";
		};
		FAB6D5F022B9F4DB005679BF /* Weather AppUITests */ = {
			isa = PBXGroup;
			children = (
				FAB6D5F122B9F4DB005679BF /* Weather_AppUITests.swift */,
				FAB6D5F322B9F4DB005679BF /* Info.plist */,
			);
			path = "Weather AppUITests";
			sourceTree = "<group>";
		};
/* End PBXGroup section */

/* Begin PBXNativeTarget section */
		FAB6D5CD22B9F4D6005679BF /* Weather App */ = {
			isa = PBXNativeTarget;
			buildConfigurationList = FAB6D5F622B9F4DB005679BF /* Build configuration list for PBXNativeTarget "Weather App" */;
			buildPhases = (
				B4CDE4C2A7ACF5F2BAC4F6ED /* [CP] Check Pods Manifest.lock */,
				FAB6D5CA22B9F4D6005679BF /* Sources */,
				FAB6D5CB22B9F4D6005679BF /* Frameworks */,
				FAB6D5CC22B9F4D6005679BF /* Resources */,
				F2A018AD3F6E66B39B600999 /* [CP] Embed Pods Frameworks */,
			);
			buildRules = (
			);
			dependencies = (
			);
			name = "Weather App";
			productName = "Weather App";
			productReference = FAB6D5CE22B9F4D6005679BF /* Weather App.app */;
			productType = "com.apple.product-type.application";
		};
		FAB6D5E122B9F4DB005679BF /* Weather AppTests */ = {
			isa = PBXNativeTarget;
			buildConfigurationList = FAB6D5F922B9F4DB005679BF /* Build configuration list for PBXNativeTarget "Weather AppTests" */;
			buildPhases = (
				FAB6D5DE22B9F4DB005679BF /* Sources */,
				FAB6D5DF22B9F4DB005679BF /* Frameworks */,
				FAB6D5E022B9F4DB005679BF /* Resources */,
			);
			buildRules = (
			);
			dependencies = (
				FAB6D5E422B9F4DB005679BF /* PBXTargetDependency */,
			);
			name = "Weather AppTests";
			productName = "Weather AppTests";
			productReference = FAB6D5E222B9F4DB005679BF /* Weather AppTests.xctest */;
			productType = "com.apple.product-type.bundle.unit-test";
		};
		FAB6D5EC22B9F4DB005679BF /* Weather AppUITests */ = {
			isa = PBXNativeTarget;
			buildConfigurationList = FAB6D5FC22B9F4DB005679BF /* Build configuration list for PBXNativeTarget "Weather AppUITests" */;
			buildPhases = (
				FAB6D5E922B9F4DB005679BF /* Sources */,
				FAB6D5EA22B9F4DB005679BF /* Frameworks */,
				FAB6D5EB22B9F4DB005679BF /* Resources */,
			);
			buildRules = (
			);
			dependencies = (
				FAB6D5EF22B9F4DB005679BF /* PBXTargetDependency */,
			);
			name = "Weather AppUITests";
			productName = "Weather AppUITests";
			productReference = FAB6D5ED22B9F4DB005679BF /* Weather AppUITests.xctest */;
			productType = "com.apple.product-type.bundle.ui-testing";
		};
/* End PBXNativeTarget section */

/* Begin PBXProject section */
		FAB6D5C622B9F4D6005679BF /* Project object */ = {
			isa = PBXProject;
			attributes = {
				LastSwiftUpdateCheck = 1020;
				LastUpgradeCheck = 1020;
				ORGANIZATIONNAME = "Raunak Sinha";
				TargetAttributes = {
					FAB6D5CD22B9F4D6005679BF = {
						CreatedOnToolsVersion = 10.2.1;
					};
					FAB6D5E122B9F4DB005679BF = {
						CreatedOnToolsVersion = 10.2.1;
						TestTargetID = FAB6D5CD22B9F4D6005679BF;
					};
					FAB6D5EC22B9F4DB005679BF = {
						CreatedOnToolsVersion = 10.2.1;
						TestTargetID = FAB6D5CD22B9F4D6005679BF;
					};
				};
			};
			buildConfigurationList = FAB6D5C922B9F4D6005679BF /* Build configuration list for PBXProject "Weather App" */;
			compatibilityVersion = "Xcode 9.3";
			developmentRegion = en;
			hasScannedForEncodings = 0;
			knownRegions = (
				en,
				Base,
			);
			mainGroup = FAB6D5C522B9F4D6005679BF;
			productRefGroup = FAB6D5CF22B9F4D6005679BF /* Products */;
			projectDirPath = "";
			projectRoot = "";
			targets = (
				FAB6D5CD22B9F4D6005679BF /* Weather App */,
				FAB6D5E122B9F4DB005679BF /* Weather AppTests */,
				FAB6D5EC22B9F4DB005679BF /* Weather AppUITests */,
			);
		};
/* End PBXProject section */

/* Begin PBXResourcesBuildPhase section */
		FAB6D5CC22B9F4D6005679BF /* Resources */ = {
			isa = PBXResourcesBuildPhase;
			buildActionMask = 2147483647;
			files = (
				FAB6D5DC22B9F4DB005679BF /* LaunchScreen.storyboard in Resources */,
				FAB6D5D922B9F4DB005679BF /* Assets.xcassets in Resources */,
				FAB6D5D722B9F4D6005679BF /* Main.storyboard in Resources */,
			);
			runOnlyForDeploymentPostprocessing = 0;
		};
		FAB6D5E022B9F4DB005679BF /* Resources */ = {
			isa = PBXResourcesBuildPhase;
			buildActionMask = 2147483647;
			files = (
			);
			runOnlyForDeploymentPostprocessing = 0;
		};
		FAB6D5EB22B9F4DB005679BF /* Resources */ = {
			isa = PBXResourcesBuildPhase;
			buildActionMask = 2147483647;
			files = (
			);
			runOnlyForDeploymentPostprocessing = 0;
		};
/* End PBXResourcesBuildPhase section */

/* Begin PBXShellScriptBuildPhase section */
		B4CDE4C2A7ACF5F2BAC4F6ED /* [CP] Check Pods Manifest.lock */ = {
			isa = PBXShellScriptBuildPhase;
			buildActionMask = 2147483647;
			files = (
			);
			inputPaths = (
				"${PODS_PODFILE_DIR_PATH}/Podfile.lock",
				"${PODS_ROOT}/Manifest.lock",
			);
			name = "[CP] Check Pods Manifest.lock";
			outputPaths = (
				"$(DERIVED_FILE_DIR)/Pods-Weather App-checkManifestLockResult.txt",
			);
			runOnlyForDeploymentPostprocessing = 0;
			shellPath = /bin/sh;
			shellScript = "diff \"${PODS_PODFILE_DIR_PATH}/Podfile.lock\" \"${PODS_ROOT}/Manifest.lock\" > /dev/null\nif [ $? != 0 ] ; then\n    # print error to STDERR\n    echo \"error: The sandbox is not in sync with the Podfile.lock. Run 'pod install' or update your CocoaPods installation.\" >&2\n    exit 1\nfi\n# This output is used by Xcode 'outputs' to avoid re-running this script phase.\necho \"SUCCESS\" > \"${SCRIPT_OUTPUT_FILE_0}\"\n";
			showEnvVarsInLog = 0;
		};
		F2A018AD3F6E66B39B600999 /* [CP] Embed Pods Frameworks */ = {
			isa = PBXShellScriptBuildPhase;
			buildActionMask = 2147483647;
			files = (
			);
			inputFileListPaths = (
				"${PODS_ROOT}/Target Support Files/Pods-Weather App/Pods-Weather App-frameworks-${CONFIGURATION}-input-files.xcfilelist",
			);
			name = "[CP] Embed Pods Frameworks";
			outputFileListPaths = (
				"${PODS_ROOT}/Target Support Files/Pods-Weather App/Pods-Weather App-frameworks-${CONFIGURATION}-output-files.xcfilelist",
			);
			runOnlyForDeploymentPostprocessing = 0;
			shellPath = /bin/sh;
			shellScript = "\"${PODS_ROOT}/Target Support Files/Pods-Weather App/Pods-Weather App-frameworks.sh\"\n";
			showEnvVarsInLog = 0;
		};
/* End PBXShellScriptBuildPhase section */

/* Begin PBXSourcesBuildPhase section */
		FAB6D5CA22B9F4D6005679BF /* Sources */ = {
			isa = PBXSourcesBuildPhase;
			buildActionMask = 2147483647;
			files = (
				FAB6D5D422B9F4D6005679BF /* ViewController.swift in Sources */,
				FAB6D5D222B9F4D6005679BF /* AppDelegate.swift in Sources */,
				FAB6D60222BB50C2005679BF /* WeatherModel.swift in Sources */,
				FAB6D60022BA12B3005679BF /* APIClient.swift in Sources */,
			);
			runOnlyForDeploymentPostprocessing = 0;
		};
		FAB6D5DE22B9F4DB005679BF /* Sources */ = {
			isa = PBXSourcesBuildPhase;
			buildActionMask = 2147483647;
			files = (
				FAB6D5E722B9F4DB005679BF /* Weather_AppTests.swift in Sources */,
			);
			runOnlyForDeploymentPostprocessing = 0;
		};
		FAB6D5E922B9F4DB005679BF /* Sources */ = {
			isa = PBXSourcesBuildPhase;
			buildActionMask = 2147483647;
			files = (
				FAB6D5F222B9F4DB005679BF /* Weather_AppUITests.swift in Sources */,
			);
			runOnlyForDeploymentPostprocessing = 0;
		};
/* End PBXSourcesBuildPhase section */

/* Begin PBXTargetDependency section */
		FAB6D5E422B9F4DB005679BF /* PBXTargetDependency */ = {
			isa = PBXTargetDependency;
			target = FAB6D5CD22B9F4D6005679BF /* Weather App */;
			targetProxy = FAB6D5E322B9F4DB005679BF /* PBXContainerItemProxy */;
		};
		FAB6D5EF22B9F4DB005679BF /* PBXTargetDependency */ = {
			isa = PBXTargetDependency;
			target = FAB6D5CD22B9F4D6005679BF /* Weather App */;
			targetProxy = FAB6D5EE22B9F4DB005679BF /* PBXContainerItemProxy */;
		};
/* End PBXTargetDependency section */

/* Begin PBXVariantGroup section */
		FAB6D5D522B9F4D6005679BF /* Main.storyboard */ = {
			isa = PBXVariantGroup;
			children = (
				FAB6D5D622B9F4D6005679BF /* Base */,
			);
			name = Main.storyboard;
			sourceTree = "<group>";
		};
		FAB6D5DA22B9F4DB005679BF /* LaunchScreen.storyboard */ = {
			isa = PBXVariantGroup;
			children = (
				FAB6D5DB22B9F4DB005679BF /* Base */,
			);
			name = LaunchScreen.storyboard;
			sourceTree = "<group>";
		};
/* End PBXVariantGroup section */

/* Begin XCBuildConfiguration section */
		FAB6D5F422B9F4DB005679BF /* Debug */ = {
			isa = XCBuildConfiguration;
			buildSettings = {
				ALWAYS_SEARCH_USER_PATHS = NO;
				CLANG_ANALYZER_NONNULL = YES;
				CLANG_ANALYZER_NUMBER_OBJECT_CONVERSION = YES_AGGRESSIVE;
				CLANG_CXX_LANGUAGE_STANDARD = "gnu++14";
				CLANG_CXX_LIBRARY = "libc++";
				CLANG_ENABLE_MODULES = YES;
				CLANG_ENABLE_OBJC_ARC = YES;
				CLANG_ENABLE_OBJC_WEAK = YES;
				CLANG_WARN_BLOCK_CAPTURE_AUTORELEASING = YES;
				CLANG_WARN_BOOL_CONVERSION = YES;
				CLANG_WARN_COMMA = YES;
				CLANG_WARN_CONSTANT_CONVERSION = YES;
				CLANG_WARN_DEPRECATED_OBJC_IMPLEMENTATIONS = YES;
				CLANG_WARN_DIRECT_OBJC_ISA_USAGE = YES_ERROR;
				CLANG_WARN_DOCUMENTATION_COMMENTS = YES;
				CLANG_WARN_EMPTY_BODY = YES;
				CLANG_WARN_ENUM_CONVERSION = YES;
				CLANG_WARN_INFINITE_RECURSION = YES;
				CLANG_WARN_INT_CONVERSION = YES;
				CLANG_WARN_NON_LITERAL_NULL_CONVERSION = YES;
				CLANG_WARN_OBJC_IMPLICIT_RETAIN_SELF = YES;
				CLANG_WARN_OBJC_LITERAL_CONVERSION = YES;
				CLANG_WARN_OBJC_ROOT_CLASS = YES_ERROR;
				CLANG_WARN_RANGE_LOOP_ANALYSIS = YES;
				CLANG_WARN_STRICT_PROTOTYPES = YES;
				CLANG_WARN_SUSPICIOUS_MOVE = YES;
				CLANG_WARN_UNGUARDED_AVAILABILITY = YES_AGGRESSIVE;
				CLANG_WARN_UNREACHABLE_CODE = YES;
				CLANG_WARN__DUPLICATE_METHOD_MATCH = YES;
				CODE_SIGN_IDENTITY = "iPhone Developer";
				COPY_PHASE_STRIP = NO;
				DEBUG_INFORMATION_FORMAT = dwarf;
				ENABLE_STRICT_OBJC_MSGSEND = YES;
				ENABLE_TESTABILITY = YES;
				GCC_C_LANGUAGE_STANDARD = gnu11;
				GCC_DYNAMIC_NO_PIC = NO;
				GCC_NO_COMMON_BLOCKS = YES;
				GCC_OPTIMIZATION_LEVEL = 0;
				GCC_PREPROCESSOR_DEFINITIONS = (
					"DEBUG=1",
					"$(inherited)",
				);
				GCC_WARN_64_TO_32_BIT_CONVERSION = YES;
				GCC_WARN_ABOUT_RETURN_TYPE = YES_ERROR;
				GCC_WARN_UNDECLARED_SELECTOR = YES;
				GCC_WARN_UNINITIALIZED_AUTOS = YES_AGGRESSIVE;
				GCC_WARN_UNUSED_FUNCTION = YES;
				GCC_WARN_UNUSED_VARIABLE = YES;
				IPHONEOS_DEPLOYMENT_TARGET = 12.2;
				MTL_ENABLE_DEBUG_INFO = INCLUDE_SOURCE;
				MTL_FAST_MATH = YES;
				ONLY_ACTIVE_ARCH = YES;
				SDKROOT = iphoneos;
				SWIFT_ACTIVE_COMPILATION_CONDITIONS = DEBUG;
				SWIFT_OPTIMIZATION_LEVEL = "-Onone";
			};
			name = Debug;
		};
		FAB6D5F522B9F4DB005679BF /* Release */ = {
			isa = XCBuildConfiguration;
			buildSettings = {
				ALWAYS_SEARCH_USER_PATHS = NO;
				CLANG_ANALYZER_NONNULL = YES;
				CLANG_ANALYZER_NUMBER_OBJECT_CONVERSION = YES_AGGRESSIVE;
				CLANG_CXX_LANGUAGE_STANDARD = "gnu++14";
				CLANG_CXX_LIBRARY = "libc++";
				CLANG_ENABLE_MODULES = YES;
				CLANG_ENABLE_OBJC_ARC = YES;
				CLANG_ENABLE_OBJC_WEAK = YES;
				CLANG_WARN_BLOCK_CAPTURE_AUTORELEASING = YES;
				CLANG_WARN_BOOL_CONVERSION = YES;
				CLANG_WARN_COMMA = YES;
				CLANG_WARN_CONSTANT_CONVERSION = YES;
				CLANG_WARN_DEPRECATED_OBJC_IMPLEMENTATIONS = YES;
				CLANG_WARN_DIRECT_OBJC_ISA_USAGE = YES_ERROR;
				CLANG_WARN_DOCUMENTATION_COMMENTS = YES;
				CLANG_WARN_EMPTY_BODY = YES;
				CLANG_WARN_ENUM_CONVERSION = YES;
				CLANG_WARN_INFINITE_RECURSION = YES;
				CLANG_WARN_INT_CONVERSION = YES;
				CLANG_WARN_NON_LITERAL_NULL_CONVERSION = YES;
				CLANG_WARN_OBJC_IMPLICIT_RETAIN_SELF = YES;
				CLANG_WARN_OBJC_LITERAL_CONVERSION = YES;
				CLANG_WARN_OBJC_ROOT_CLASS = YES_ERROR;
				CLANG_WARN_RANGE_LOOP_ANALYSIS = YES;
				CLANG_WARN_STRICT_PROTOTYPES = YES;
				CLANG_WARN_SUSPICIOUS_MOVE = YES;
				CLANG_WARN_UNGUARDED_AVAILABILITY = YES_AGGRESSIVE;
				CLANG_WARN_UNREACHABLE_CODE = YES;
				CLANG_WARN__DUPLICATE_METHOD_MATCH = YES;
				CODE_SIGN_IDENTITY = "iPhone Developer";
				COPY_PHASE_STRIP = NO;
				DEBUG_INFORMATION_FORMAT = "dwarf-with-dsym";
				ENABLE_NS_ASSERTIONS = NO;
				ENABLE_STRICT_OBJC_MSGSEND = YES;
				GCC_C_LANGUAGE_STANDARD = gnu11;
				GCC_NO_COMMON_BLOCKS = YES;
				GCC_WARN_64_TO_32_BIT_CONVERSION = YES;
				GCC_WARN_ABOUT_RETURN_TYPE = YES_ERROR;
				GCC_WARN_UNDECLARED_SELECTOR = YES;
				GCC_WARN_UNINITIALIZED_AUTOS = YES_AGGRESSIVE;
				GCC_WARN_UNUSED_FUNCTION = YES;
				GCC_WARN_UNUSED_VARIABLE = YES;
				IPHONEOS_DEPLOYMENT_TARGET = 12.2;
				MTL_ENABLE_DEBUG_INFO = NO;
				MTL_FAST_MATH = YES;
				SDKROOT = iphoneos;
				SWIFT_COMPILATION_MODE = wholemodule;
				SWIFT_OPTIMIZATION_LEVEL = "-O";
				VALIDATE_PRODUCT = YES;
			};
			name = Release;
		};
		FAB6D5F722B9F4DB005679BF /* Debug */ = {
			isa = XCBuildConfiguration;
			baseConfigurationReference = 7EC85F4ACA7BDFF01B06D3A1 /* Pods-Weather App.debug.xcconfig */;
			buildSettings = {
				ASSETCATALOG_COMPILER_APPICON_NAME = AppIcon;
				CODE_SIGN_STYLE = Automatic;
				DEVELOPMENT_TEAM = 5D2C4B7TSA;
				INFOPLIST_FILE = "Weather App/Info.plist";
				LD_RUNPATH_SEARCH_PATHS = (
					"$(inherited)",
					"@executable_path/Frameworks",
				);
				PRODUCT_BUNDLE_IDENTIFIER = "RS.Weather-App";
				PRODUCT_NAME = "$(TARGET_NAME)";
				SWIFT_VERSION = 5.0;
				TARGETED_DEVICE_FAMILY = "1,2";
			};
			name = Debug;
		};
		FAB6D5F822B9F4DB005679BF /* Release */ = {
			isa = XCBuildConfiguration;
			baseConfigurationReference = B4B0615569098A65296C7788 /* Pods-Weather App.release.xcconfig */;
			buildSettings = {
				ASSETCATALOG_COMPILER_APPICON_NAME = AppIcon;
				CODE_SIGN_STYLE = Automatic;
				DEVELOPMENT_TEAM = 5D2C4B7TSA;
				INFOPLIST_FILE = "Weather App/Info.plist";
				LD_RUNPATH_SEARCH_PATHS = (
					"$(inherited)",
					"@executable_path/Frameworks",
				);
				PRODUCT_BUNDLE_IDENTIFIER = "RS.Weather-App";
				PRODUCT_NAME = "$(TARGET_NAME)";
				SWIFT_VERSION = 5.0;
				TARGETED_DEVICE_FAMILY = "1,2";
			};
			name = Release;
		};
		FAB6D5FA22B9F4DB005679BF /* Debug */ = {
			isa = XCBuildConfiguration;
			buildSettings = {
				ALWAYS_EMBED_SWIFT_STANDARD_LIBRARIES = YES;
				BUNDLE_LOADER = "$(TEST_HOST)";
				CODE_SIGN_STYLE = Automatic;
				DEVELOPMENT_TEAM = 5D2C4B7TSA;
				INFOPLIST_FILE = "Weather AppTests/Info.plist";
				LD_RUNPATH_SEARCH_PATHS = (
					"$(inherited)",
					"@executable_path/Frameworks",
					"@loader_path/Frameworks",
				);
				PRODUCT_BUNDLE_IDENTIFIER = "RS.Weather-AppTests";
				PRODUCT_NAME = "$(TARGET_NAME)";
				SWIFT_VERSION = 5.0;
				TARGETED_DEVICE_FAMILY = "1,2";
				TEST_HOST = "$(BUILT_PRODUCTS_DIR)/Weather App.app/Weather App";
			};
			name = Debug;
		};
		FAB6D5FB22B9F4DB005679BF /* Release */ = {
			isa = XCBuildConfiguration;
			buildSettings = {
				ALWAYS_EMBED_SWIFT_STANDARD_LIBRARIES = YES;
				BUNDLE_LOADER = "$(TEST_HOST)";
				CODE_SIGN_STYLE = Automatic;
				DEVELOPMENT_TEAM = 5D2C4B7TSA;
				INFOPLIST_FILE = "Weather AppTests/Info.plist";
				LD_RUNPATH_SEARCH_PATHS = (
					"$(inherited)",
					"@executable_path/Frameworks",
					"@loader_path/Frameworks",
				);
				PRODUCT_BUNDLE_IDENTIFIER = "RS.Weather-AppTests";
				PRODUCT_NAME = "$(TARGET_NAME)";
				SWIFT_VERSION = 5.0;
				TARGETED_DEVICE_FAMILY = "1,2";
				TEST_HOST = "$(BUILT_PRODUCTS_DIR)/Weather App.app/Weather App";
			};
			name = Release;
		};
		FAB6D5FD22B9F4DB005679BF /* Debug */ = {
			isa = XCBuildConfiguration;
			buildSettings = {
				ALWAYS_EMBED_SWIFT_STANDARD_LIBRARIES = YES;
				CODE_SIGN_STYLE = Automatic;
				DEVELOPMENT_TEAM = 5D2C4B7TSA;
				INFOPLIST_FILE = "Weather AppUITests/Info.plist";
				LD_RUNPATH_SEARCH_PATHS = (
					"$(inherited)",
					"@executable_path/Frameworks",
					"@loader_path/Frameworks",
				);
				PRODUCT_BUNDLE_IDENTIFIER = "RS.Weather-AppUITests";
				PRODUCT_NAME = "$(TARGET_NAME)";
				SWIFT_VERSION = 5.0;
				TARGETED_DEVICE_FAMILY = "1,2";
				TEST_TARGET_NAME = "Weather App";
			};
			name = Debug;
		};
		FAB6D5FE22B9F4DB005679BF /* Release */ = {
			isa = XCBuildConfiguration;
			buildSettings = {
				ALWAYS_EMBED_SWIFT_STANDARD_LIBRARIES = YES;
				CODE_SIGN_STYLE = Automatic;
				DEVELOPMENT_TEAM = 5D2C4B7TSA;
				INFOPLIST_FILE = "Weather AppUITests/Info.plist";
				LD_RUNPATH_SEARCH_PATHS = (
					"$(inherited)",
					"@executable_path/Frameworks",
					"@loader_path/Frameworks",
				);
				PRODUCT_BUNDLE_IDENTIFIER = "RS.Weather-AppUITests";
				PRODUCT_NAME = "$(TARGET_NAME)";
				SWIFT_VERSION = 5.0;
				TARGETED_DEVICE_FAMILY = "1,2";
				TEST_TARGET_NAME = "Weather App";
			};
			name = Release;
		};
/* End XCBuildConfiguration section */

/* Begin XCConfigurationList section */
		FAB6D5C922B9F4D6005679BF /* Build configuration list for PBXProject "Weather App" */ = {
			isa = XCConfigurationList;
			buildConfigurations = (
				FAB6D5F422B9F4DB005679BF /* Debug */,
				FAB6D5F522B9F4DB005679BF /* Release */,
			);
			defaultConfigurationIsVisible = 0;
			defaultConfigurationName = Release;
		};
		FAB6D5F622B9F4DB005679BF /* Build configuration list for PBXNativeTarget "Weather App" */ = {
			isa = XCConfigurationList;
			buildConfigurations = (
				FAB6D5F722B9F4DB005679BF /* Debug */,
				FAB6D5F822B9F4DB005679BF /* Release */,
			);
			defaultConfigurationIsVisible = 0;
			defaultConfigurationName = Release;
		};
		FAB6D5F922B9F4DB005679BF /* Build configuration list for PBXNativeTarget "Weather AppTests" */ = {
			isa = XCConfigurationList;
			buildConfigurations = (
				FAB6D5FA22B9F4DB005679BF /* Debug */,
				FAB6D5FB22B9F4DB005679BF /* Release */,
			);
			defaultConfigurationIsVisible = 0;
			defaultConfigurationName = Release;
		};
		FAB6D5FC22B9F4DB005679BF /* Build configuration list for PBXNativeTarget "Weather AppUITests" */ = {
			isa = XCConfigurationList;
			buildConfigurations = (
				FAB6D5FD22B9F4DB005679BF /* Debug */,
				FAB6D5FE22B9F4DB005679BF /* Release */,
			);
			defaultConfigurationIsVisible = 0;
			defaultConfigurationName = Release;
		};
/* End XCConfigurationList section */
	};
	rootObject = FAB6D5C622B9F4D6005679BF /* Project object */;
}
